
Microsoft Visual Studio Solution File, Format Version 12.00
# Visual Studio Version 17
VisualStudioVersion = 17.12.35707.178 d17.12
MinimumVisualStudioVersion = 10.0.40219.1
Project("{FAE04EC0-301F-11D3-BF4B-00C04F79EFBC}") = "FGN_WEB_REHBER.Server", "FGN_WEB_REHBER.Server\FGN_WEB_REHBER.Server.csproj", "{55DB6BFF-53FC-4B2A-96BC-559A4118942C}"
EndProject
Project("{54A90642-561A-4BB1-A94E-469ADEE60C69}") = "fgn_web_rehber.client", "fgn_web_rehber.client\fgn_web_rehber.client.esproj", "{2D03975D-8BCA-44D9-B631-E939DEFE87CC}"
EndProject
Global
	GlobalSection(SolutionConfigurationPlatforms) = preSolution
		Debug|Any CPU = Debug|Any CPU
		Release|Any CPU = Release|Any CPU
	EndGlobalSection
	GlobalSection(ProjectConfigurationPlatforms) = postSolution
		{55DB6BFF-53FC-4B2A-96BC-559A4118942C}.Debug|Any CPU.ActiveCfg = Debug|Any CPU
		{55DB6BFF-53FC-4B2A-96BC-559A4118942C}.Debug|Any CPU.Build.0 = Debug|Any CPU
		{55DB6BFF-53FC-4B2A-96BC-559A4118942C}.Release|Any CPU.ActiveCfg = Release|Any CPU
		{55DB6BFF-53FC-4B2A-96BC-559A4118942C}.Release|Any CPU.Build.0 = Release|Any CPU
		{2D03975D-8BCA-44D9-B631-E939DEFE87CC}.Debug|Any CPU.ActiveCfg = Debug|Any CPU
		{2D03975D-8BCA-44D9-B631-E939DEFE87CC}.Debug|Any CPU.Build.0 = Debug|Any CPU
		{2D03975D-8BCA-44D9-B631-E939DEFE87CC}.Debug|Any CPU.Deploy.0 = Debug|Any CPU
		{2D03975D-8BCA-44D9-B631-E939DEFE87CC}.Release|Any CPU.ActiveCfg = Release|Any CPU
		{2D03975D-8BCA-44D9-B631-E939DEFE87CC}.Release|Any CPU.Build.0 = Release|Any CPU
		{2D03975D-8BCA-44D9-B631-E939DEFE87CC}.Release|Any CPU.Deploy.0 = Release|Any CPU
	EndGlobalSection
	GlobalSection(SolutionProperties) = preSolution
		HideSolutionNode = FALSE
	EndGlobalSection
EndGlobal
